// !$*UTF8*$!
{
	archiveVersion = 1;
	classes = {
	};
	objectVersion = 50;
	objects = {

/* Begin PBXBuildFile section */
		F9FD9BC9231DB4FF00E31C0A /* AppDelegate.swift in Sources */ = {isa = PBXBuildFile; fileRef = F9FD9BC8231DB4FF00E31C0A /* AppDelegate.swift */; };
		F9FD9BCB231DB4FF00E31C0A /* ViewController.swift in Sources */ = {isa = PBXBuildFile; fileRef = F9FD9BCA231DB4FF00E31C0A /* ViewController.swift */; };
		F9FD9BCE231DB4FF00E31C0A /* Main.storyboard in Resources */ = {isa = PBXBuildFile; fileRef = F9FD9BCC231DB4FF00E31C0A /* Main.storyboard */; };
		F9FD9BD0231DB50100E31C0A /* Assets.xcassets in Resources */ = {isa = PBXBuildFile; fileRef = F9FD9BCF231DB50100E31C0A /* Assets.xcassets */; };
		F9FD9BD3231DB50100E31C0A /* LaunchScreen.storyboard in Resources */ = {isa = PBXBuildFile; fileRef = F9FD9BD1231DB50100E31C0A /* LaunchScreen.storyboard */; };
/* End PBXBuildFile section */

/* Begin PBXFileReference section */
		F9FD9BC5231DB4FF00E31C0A /* VeganRecipe.app */ = {isa = PBXFileReference; explicitFileType = wrapper.application; includeInIndex = 0; path = VeganRecipe.app; sourceTree = BUILT_PRODUCTS_DIR; };
		F9FD9BC8231DB4FF00E31C0A /* AppDelegate.swift */ = {isa = PBXFileReference; lastKnownFileType = sourcecode.swift; path = AppDelegate.swift; sourceTree = "<group>"; };
		F9FD9BCA231DB4FF00E31C0A /* ViewController.swift */ = {isa = PBXFileReference; lastKnownFileType = sourcecode.swift; path = ViewController.swift; sourceTree = "<group>"; };
		F9FD9BCD231DB4FF00E31C0A /* Base */ = {isa = PBXFileReference; lastKnownFileType = file.storyboard; name = Base; path = Base.lproj/Main.storyboard; sourceTree = "<group>"; };
		F9FD9BCF231DB50100E31C0A /* Assets.xcassets */ = {isa = PBXFileReference; lastKnownFileType = folder.assetcatalog; path = Assets.xcassets; sourceTree = "<group>"; };
		F9FD9BD2231DB50100E31C0A /* Base */ = {isa = PBXFileReference; lastKnownFileType = file.storyboard; name = Base; path = Base.lproj/LaunchScreen.storyboard; sourceTree = "<group>"; };
		F9FD9BD4231DB50100E31C0A /* Info.plist */ = {isa = PBXFileReference; lastKnownFileType = text.plist.xml; path = Info.plist; sourceTree = "<group>"; };
/* End PBXFileReference section */

/* Begin PBXFrameworksBuildPhase section */
		F9FD9BC2231DB4FF00E31C0A /* Frameworks */ = {
			isa = PBXFrameworksBuildPhase;
			buildActionMask = 2147483647;
			files = (
			);
			runOnlyForDeploymentPostprocessing = 0;
		};
/* End PBXFrameworksBuildPhase section */

/* Begin PBXGroup section */
		F9FD9BBC231DB4FF00E31C0A = {
			isa = PBXGroup;
			children = (
				F9FD9BC7231DB4FF00E31C0A /* VeganRecipe */,
				F9FD9BC6231DB4FF00E31C0A /* Products */,
			);
			sourceTree = "<group>";
		};
		F9FD9BC6231DB4FF00E31C0A /* Products */ = {
			isa = PBXGroup;
			children = (
				F9FD9BC5231DB4FF00E31C0A /* VeganRecipe.app */,
			);
			name = Products;
			sourceTree = "<group>";
		};
		F9FD9BC7231DB4FF00E31C0A /* VeganRecipe */ = {
			isa = PBXGroup;
			children = (
				F9FD9BC8231DB4FF00E31C0A /* AppDelegate.swift */,
				F9FD9BCA231DB4FF00E31C0A /* ViewController.swift */,
				F9FD9BCC231DB4FF00E31C0A /* Main.storyboard */,
				F9FD9BCF231DB50100E31C0A /* Assets.xcassets */,
				F9FD9BD1231DB50100E31C0A /* LaunchScreen.storyboard */,
				F9FD9BD4231DB50100E31C0A /* Info.plist */,
			);
			path = VeganRecipe;
			sourceTree = "<group>";
		};
/* End PBXGroup section */

/* Begin PBXNativeTarget section */
		F9FD9BC4231DB4FF00E31C0A /* VeganRecipe */ = {
			isa = PBXNativeTarget;
			buildConfigurationList = F9FD9BD7231DB50100E31C0A /* Build configuration list for PBXNativeTarget "VeganRecipe" */;
			buildPhases = (
				F9FD9BC1231DB4FF00E31C0A /* Sources */,
				F9FD9BC2231DB4FF00E31C0A /* Frameworks */,
				F9FD9BC3231DB4FF00E31C0A /* Resources */,
			);
			buildRules = (
			);
			dependencies = (
			);
			name = VeganRecipe;
			productName = VeganRecipe;
			productReference = F9FD9BC5231DB4FF00E31C0A /* VeganRecipe.app */;
			productType = "com.apple.product-type.application";
		};
/* End PBXNativeTarget section */

/* Begin PBXProject section */
		F9FD9BBD231DB4FF00E31C0A /* Project object */ = {
			isa = PBXProject;
			attributes = {
				LastSwiftUpdateCheck = 1020;
				LastUpgradeCheck = 1020;
				ORGANIZATIONNAME = Slava;
				TargetAttributes = {
					F9FD9BC4231DB4FF00E31C0A = {
						CreatedOnToolsVersion = 10.2.1;
					};
				};
			};
			buildConfigurationList = F9FD9BC0231DB4FF00E31C0A /* Build configuration list for PBXProject "VeganRecipe" */;
			compatibilityVersion = "Xcode 9.3";
			developmentRegion = en;
			hasScannedForEncodings = 0;
			knownRegions = (
				en,
				Base,
			);
			mainGroup = F9FD9BBC231DB4FF00E31C0A;
			productRefGroup = F9FD9BC6231DB4FF00E31C0A /* Products */;
			projectDirPath = "";
			projectRoot = "";
			targets = (
				F9FD9BC4231DB4FF00E31C0A /* VeganRecipe */,
			);
		};
/* End PBXProject section */

/* Begin PBXResourcesBuildPhase section */
		F9FD9BC3231DB4FF00E31C0A /* Resources */ = {
			isa = PBXResourcesBuildPhase;
			buildActionMask = 2147483647;
			files = (
				F9FD9BD3231DB50100E31C0A /* LaunchScreen.storyboard in Resources */,
				F9FD9BD0231DB50100E31C0A /* Assets.xcassets in Resources */,
				F9FD9BCE231DB4FF00E31C0A /* Main.storyboard in Resources */,
			);
			runOnlyForDeploymentPostprocessing = 0;
		};
/* End PBXResourcesBuildPhase section */

/* Begin PBXSourcesBuildPhase section */
		F9FD9BC1231DB4FF00E31C0A /* Sources */ = {
			isa = PBXSourcesBuildPhase;
			buildActionMask = 2147483647;
			files = (
				F9FD9BCB231DB4FF00E31C0A /* ViewController.swift in Sources */,
				F9FD9BC9231DB4FF00E31C0A /* AppDelegate.swift in Sources */,
			);
			runOnlyForDeploymentPostprocessing = 0;
		};
/* End PBXSourcesBuildPhase section */

/* Begin PBXVariantGroup section */
		F9FD9BCC231DB4FF00E31C0A /* Main.storyboard */ = {
			isa = PBXVariantGroup;
			children = (
				F9FD9BCD231DB4FF00E31C0A /* Base */,
			);
			name = Main.storyboard;
			sourceTree = "<group>";
		};
		F9FD9BD1231DB50100E31C0A /* LaunchScreen.storyboard */ = {
			isa = PBXVariantGroup;
			children = (
				F9FD9BD2231DB50100E31C0A /* Base */,
			);
			name = LaunchScreen.storyboard;
			sourceTree = "<group>";
		};
/* End PBXVariantGroup section */

/* Begin XCBuildConfiguration section */
		F9FD9BD5231DB50100E31C0A /* Debug */ = {
			isa = XCBuildConfiguration;
			buildSettings = {
				ALWAYS_SEARCH_USER_PATHS = NO;
				CLANG_ANALYZER_NONNULL = YES;
				CLANG_ANALYZER_NUMBER_OBJECT_CONVERSION = YES_AGGRESSIVE;
				CLANG_CXX_LANGUAGE_STANDARD = "gnu++14";
				CLANG_CXX_LIBRARY = "libc++";
				CLANG_ENABLE_MODULES = YES;
				CLANG_ENABLE_OBJC_ARC = YES;
				CLANG_ENABLE_OBJC_WEAK = YES;
				CLANG_WARN_BLOCK_CAPTURE_AUTORELEASING = YES;
				CLANG_WARN_BOOL_CONVERSION = YES;
				CLANG_WARN_COMMA = YES;
				CLANG_WARN_CONSTANT_CONVERSION = YES;
				CLANG_WARN_DEPRECATED_OBJC_IMPLEMENTATIONS = YES;
				CLANG_WARN_DIRECT_OBJC_ISA_USAGE = YES_ERROR;
				CLANG_WARN_DOCUMENTATION_COMMENTS = YES;
				CLANG_WARN_EMPTY_BODY = YES;
				CLANG_WARN_ENUM_CONVERSION = YES;
				CLANG_WARN_INFINITE_RECURSION = YES;
				CLANG_WARN_INT_CONVERSION = YES;
				CLANG_WARN_NON_LITERAL_NULL_CONVERSION = YES;
				CLANG_WARN_OBJC_IMPLICIT_RETAIN_SELF = YES;
				CLANG_WARN_OBJC_LITERAL_CONVERSION = YES;
				CLANG_WARN_OBJC_ROOT_CLASS = YES_ERROR;
				CLANG_WARN_RANGE_LOOP_ANALYSIS = YES;
				CLANG_WARN_STRICT_PROTOTYPES = YES;
				CLANG_WARN_SUSPICIOUS_MOVE = YES;
				CLANG_WARN_UNGUARDED_AVAILABILITY = YES_AGGRESSIVE;
				CLANG_WARN_UNREACHABLE_CODE = YES;
				CLANG_WARN__DUPLICATE_METHOD_MATCH = YES;
				CODE_SIGN_IDENTITY = "iPhone Developer";
				COPY_PHASE_STRIP = NO;
				DEBUG_INFORMATION_FORMAT = dwarf;
				ENABLE_STRICT_OBJC_MSGSEND = YES;
				ENABLE_TESTABILITY = YES;
				GCC_C_LANGUAGE_STANDARD = gnu11;
				GCC_DYNAMIC_NO_PIC = NO;
				GCC_NO_COMMON_BLOCKS = YES;
				GCC_OPTIMIZATION_LEVEL = 0;
				GCC_PREPROCESSOR_DEFINITIONS = (
					"DEBUG=1",
					"$(inherited)",
				);
				GCC_WARN_64_TO_32_BIT_CONVERSION = YES;
				GCC_WARN_ABOUT_RETURN_TYPE = YES_ERROR;
				GCC_WARN_UNDECLARED_SELECTOR = YES;
				GCC_WARN_UNINITIALIZED_AUTOS = YES_AGGRESSIVE;
				GCC_WARN_UNUSED_FUNCTION = YES;
				GCC_WARN_UNUSED_VARIABLE = YES;
				IPHONEOS_DEPLOYMENT_TARGET = 12.2;
				MTL_ENABLE_DEBUG_INFO = INCLUDE_SOURCE;
				MTL_FAST_MATH = YES;
				ONLY_ACTIVE_ARCH = YES;
				SDKROOT = iphoneos;
				SWIFT_ACTIVE_COMPILATION_CONDITIONS = DEBUG;
				SWIFT_OPTIMIZATION_LEVEL = "-Onone";
			};
			name = Debug;
		};
		F9FD9BD6231DB50100E31C0A /* Release */ = {
			isa = XCBuildConfiguration;
			buildSettings = {
				ALWAYS_SEARCH_USER_PATHS = NO;
				CLANG_ANALYZER_NONNULL = YES;
				CLANG_ANALYZER_NUMBER_OBJECT_CONVERSION = YES_AGGRESSIVE;
				CLANG_CXX_LANGUAGE_STANDARD = "gnu++14";
				CLANG_CXX_LIBRARY = "libc++";
				CLANG_ENABLE_MODULES = YES;
				CLANG_ENABLE_OBJC_ARC = YES;
				CLANG_ENABLE_OBJC_WEAK = YES;
				CLANG_WARN_BLOCK_CAPTURE_AUTORELEASING = YES;
				CLANG_WARN_BOOL_CONVERSION = YES;
				CLANG_WARN_COMMA = YES;
				CLANG_WARN_CONSTANT_CONVERSION = YES;
				CLANG_WARN_DEPRECATED_OBJC_IMPLEMENTATIONS = YES;
				CLANG_WARN_DIRECT_OBJC_ISA_USAGE = YES_ERROR;
				CLANG_WARN_DOCUMENTATION_COMMENTS = YES;
				CLANG_WARN_EMPTY_BODY = YES;
				CLANG_WARN_ENUM_CONVERSION = YES;
				CLANG_WARN_INFINITE_RECURSION = YES;
				CLANG_WARN_INT_CONVERSION = YES;
				CLANG_WARN_NON_LITERAL_NULL_CONVERSION = YES;
				CLANG_WARN_OBJC_IMPLICIT_RETAIN_SELF = YES;
				CLANG_WARN_OBJC_LITERAL_CONVERSION = YES;
				CLANG_WARN_OBJC_ROOT_CLASS = YES_ERROR;
				CLANG_WARN_RANGE_LOOP_ANALYSIS = YES;
				CLANG_WARN_STRICT_PROTOTYPES = YES;
				CLANG_WARN_SUSPICIOUS_MOVE = YES;
				CLANG_WARN_UNGUARDED_AVAILABILITY = YES_AGGRESSIVE;
				CLANG_WARN_UNREACHABLE_CODE = YES;
				CLANG_WARN__DUPLICATE_METHOD_MATCH = YES;
				CODE_SIGN_IDENTITY = "iPhone Developer";
				COPY_PHASE_STRIP = NO;
				DEBUG_INFORMATION_FORMAT = "dwarf-with-dsym";
				ENABLE_NS_ASSERTIONS = NO;
				ENABLE_STRICT_OBJC_MSGSEND = YES;
				GCC_C_LANGUAGE_STANDARD = gnu11;
				GCC_NO_COMMON_BLOCKS = YES;
				GCC_WARN_64_TO_32_BIT_CONVERSION = YES;
				GCC_WARN_ABOUT_RETURN_TYPE = YES_ERROR;
				GCC_WARN_UNDECLARED_SELECTOR = YES;
				GCC_WARN_UNINITIALIZED_AUTOS = YES_AGGRESSIVE;
				GCC_WARN_UNUSED_FUNCTION = YES;
				GCC_WARN_UNUSED_VARIABLE = YES;
				IPHONEOS_DEPLOYMENT_TARGET = 12.2;
				MTL_ENABLE_DEBUG_INFO = NO;
				MTL_FAST_MATH = YES;
				SDKROOT = iphoneos;
				SWIFT_COMPILATION_MODE = wholemodule;
				SWIFT_OPTIMIZATION_LEVEL = "-O";
				VALIDATE_PRODUCT = YES;
			};
			name = Release;
		};
		F9FD9BD8231DB50100E31C0A /* Debug */ = {
			isa = XCBuildConfiguration;
			buildSettings = {
				ASSETCATALOG_COMPILER_APPICON_NAME = AppIcon;
				CODE_SIGN_STYLE = Automatic;
				INFOPLIST_FILE = VeganRecipe/Info.plist;
				LD_RUNPATH_SEARCH_PATHS = (
					"$(inherited)",
					"@executable_path/Frameworks",
				);
				PRODUCT_BUNDLE_IDENTIFIER = slava.VeganRecipe;
				PRODUCT_NAME = "$(TARGET_NAME)";
				SWIFT_VERSION = 5.0;
				TARGETED_DEVICE_FAMILY = "1,2";
			};
			name = Debug;
		};
		F9FD9BD9231DB50100E31C0A /* Release */ = {
			isa = XCBuildConfiguration;
			buildSettings = {
				ASSETCATALOG_COMPILER_APPICON_NAME = AppIcon;
				CODE_SIGN_STYLE = Automatic;
				INFOPLIST_FILE = VeganRecipe/Info.plist;
				LD_RUNPATH_SEARCH_PATHS = (
					"$(inherited)",
					"@executable_path/Frameworks",
				);
				PRODUCT_BUNDLE_IDENTIFIER = slava.VeganRecipe;
				PRODUCT_NAME = "$(TARGET_NAME)";
				SWIFT_VERSION = 5.0;
				TARGETED_DEVICE_FAMILY = "1,2";
			};
			name = Release;
		};
/* End XCBuildConfiguration section */

/* Begin XCConfigurationList section */
		F9FD9BC0231DB4FF00E31C0A /* Build configuration list for PBXProject "VeganRecipe" */ = {
			isa = XCConfigurationList;
			buildConfigurations = (
				F9FD9BD5231DB50100E31C0A /* Debug */,
				F9FD9BD6231DB50100E31C0A /* Release */,
			);
			defaultConfigurationIsVisible = 0;
			defaultConfigurationName = Release;
		};
		F9FD9BD7231DB50100E31C0A /* Build configuration list for PBXNativeTarget "VeganRecipe" */ = {
			isa = XCConfigurationList;
			buildConfigurations = (
				F9FD9BD8231DB50100E31C0A /* Debug */,
				F9FD9BD9231DB50100E31C0A /* Release */,
			);
			defaultConfigurationIsVisible = 0;
			defaultConfigurationName = Release;
		};
/* End XCConfigurationList section */
	};
	rootObject = F9FD9BBD231DB4FF00E31C0A /* Project object */;
}
